// !$*UTF8*$!
{
	archiveVersion = 1;
	classes = {
	};
	objectVersion = 50;
	objects = {

/* Begin PBXBuildFile section */
		88F550D1260A735000611056 /* DeepPanelTestsHostApp.swift in Sources */ = {isa = PBXBuildFile; fileRef = 88F550D0260A735000611056 /* DeepPanelTestsHostApp.swift */; };
		88F550D3260A735000611056 /* ContentView.swift in Sources */ = {isa = PBXBuildFile; fileRef = 88F550D2260A735000611056 /* ContentView.swift */; };
		88F550D5260A735100611056 /* Assets.xcassets in Resources */ = {isa = PBXBuildFile; fileRef = 88F550D4260A735100611056 /* Assets.xcassets */; };
		88F550D8260A735100611056 /* Preview Assets.xcassets in Resources */ = {isa = PBXBuildFile; fileRef = 88F550D7260A735100611056 /* Preview Assets.xcassets */; };
		8B741FBCA48C16190F8C2D4D /* Pods_DeepPanel.framework in Frameworks */ = {isa = PBXBuildFile; fileRef = 553F5338DA909341F55213CD /* Pods_DeepPanel.framework */; };
		95E0BC242578FD7900486A7C /* ImageManipulationTests.swift in Sources */ = {isa = PBXBuildFile; fileRef = 95E0BC232578FD7900486A7C /* ImageManipulationTests.swift */; };
		95E0BC3D2579001C00486A7C /* sample_page_0.jpg in Resources */ = {isa = PBXBuildFile; fileRef = 95E0BC3C2579001C00486A7C /* sample_page_0.jpg */; };
		95E0BC442579007000486A7C /* XCTestCaseExtensions.swift in Sources */ = {isa = PBXBuildFile; fileRef = 95E0BC432579007000486A7C /* XCTestCaseExtensions.swift */; };
		95E0BC4A2579021200486A7C /* sample_page_0_scaled.jpg in Resources */ = {isa = PBXBuildFile; fileRef = 95E0BC492579021200486A7C /* sample_page_0_scaled.jpg */; };
		95E0BC50257902AA00486A7C /* sample_page_0_rotated.jpg in Resources */ = {isa = PBXBuildFile; fileRef = 95E0BC4F257902AA00486A7C /* sample_page_0_rotated.jpg */; };
		95E0BC56257903EB00486A7C /* sample_page_0_rotated_scaled.jpg in Resources */ = {isa = PBXBuildFile; fileRef = 95E0BC55257903EB00486A7C /* sample_page_0_rotated_scaled.jpg */; };
		D82C3EFC2AB68D81A9FC2256 /* Pods_DeepPanelTests.framework in Frameworks */ = {isa = PBXBuildFile; fileRef = B8AD80A8B5206B75756A677F /* Pods_DeepPanelTests.framework */; };
		EB6264BA253B150B007D5302 /* deep-panel-ios.hpp in Headers */ = {isa = PBXBuildFile; fileRef = EBCCA7ED253339D50095F356 /* deep-panel-ios.hpp */; settings = {ATTRIBUTES = (Public, ); }; };
		EBCCA7E225310C880095F356 /* DeepPanel.swift in Sources */ = {isa = PBXBuildFile; fileRef = EBCCA7E125310C880095F356 /* DeepPanel.swift */; };
		EBCCA7E52531A82A0095F356 /* model.tflite in Resources */ = {isa = PBXBuildFile; fileRef = EBCCA7E42531A82A0095F356 /* model.tflite */; };
		EBCCA7E72531AD830095F356 /* UIImage+TensorFlow.swift in Sources */ = {isa = PBXBuildFile; fileRef = EBCCA7E62531AD830095F356 /* UIImage+TensorFlow.swift */; };
		EBCCA7F0253339D50095F356 /* deep-panel-ios.cpp in Sources */ = {isa = PBXBuildFile; fileRef = EBCCA7EE253339D50095F356 /* deep-panel-ios.cpp */; };
		EBCCA7F325333D9E0095F356 /* DeepPaneliOSWrapper.h in Headers */ = {isa = PBXBuildFile; fileRef = EBCCA7F225333D9E0095F356 /* DeepPaneliOSWrapper.h */; settings = {ATTRIBUTES = (Public, ); }; };
		EBCCA7F525333DD50095F356 /* DeepPaneliOSWrapper.mm in Sources */ = {isa = PBXBuildFile; fileRef = EBCCA7F425333DD50095F356 /* DeepPaneliOSWrapper.mm */; };
		EBCCA7FE253348140095F356 /* deep-panel.cpp in Sources */ = {isa = PBXBuildFile; fileRef = EBCCA7FC253348140095F356 /* deep-panel.cpp */; };
		EBCCA8012533483A0095F356 /* connected-components.cpp in Sources */ = {isa = PBXBuildFile; fileRef = EBCCA8002533483A0095F356 /* connected-components.cpp */; };
		EBCCA804253350380095F356 /* deep-panel.hpp in Headers */ = {isa = PBXBuildFile; fileRef = EBCCA803253350380095F356 /* deep-panel.hpp */; };
		EBCCA8072533527C0095F356 /* Panel.hpp in Headers */ = {isa = PBXBuildFile; fileRef = EBCCA8052533527C0095F356 /* Panel.hpp */; };
		EBCCA80C2533529E0095F356 /* DeepPanelResult.hpp in Headers */ = {isa = PBXBuildFile; fileRef = EBCCA80A2533529E0095F356 /* DeepPanelResult.hpp */; };
		EBCCA810253354320095F356 /* connected-components.hpp in Headers */ = {isa = PBXBuildFile; fileRef = EBCCA80F253354320095F356 /* connected-components.hpp */; };
		EBCCA812253354720095F356 /* ConnectedComponentResult.hpp in Headers */ = {isa = PBXBuildFile; fileRef = EBCCA811253354720095F356 /* ConnectedComponentResult.hpp */; };
		EBCCA81425335D3B0095F356 /* RawPanel.h in Headers */ = {isa = PBXBuildFile; fileRef = EBCCA81325335D3B0095F356 /* RawPanel.h */; settings = {ATTRIBUTES = (Public, ); }; };
		EBCCA81625335E4F0095F356 /* RawPanelsInfo.h in Headers */ = {isa = PBXBuildFile; fileRef = EBCCA81525335D500095F356 /* RawPanelsInfo.h */; settings = {ATTRIBUTES = (Public, ); }; };
		EBCCA818253360B30095F356 /* RawPanel.mm in Sources */ = {isa = PBXBuildFile; fileRef = EBCCA817253360B30095F356 /* RawPanel.mm */; };
		EBCCA820253361090095F356 /* RawPanelsInfo.mm in Sources */ = {isa = PBXBuildFile; fileRef = EBCCA81F253361090095F356 /* RawPanelsInfo.mm */; };
		EBCCA825253368CF0095F356 /* model.swift in Sources */ = {isa = PBXBuildFile; fileRef = EBCCA824253368CF0095F356 /* model.swift */; };
		EBCCA82B2533737F0095F356 /* Images.swift in Sources */ = {isa = PBXBuildFile; fileRef = EBCCA82A2533737F0095F356 /* Images.swift */; };
		EBDE210B2530F7520039DDB4 /* DeepPanel.framework in Frameworks */ = {isa = PBXBuildFile; fileRef = EBDE21012530F7510039DDB4 /* DeepPanel.framework */; };
		EBDE21102530F7520039DDB4 /* DeepPanelTests.swift in Sources */ = {isa = PBXBuildFile; fileRef = EBDE210F2530F7520039DDB4 /* DeepPanelTests.swift */; };
		EBDE21122530F7520039DDB4 /* DeepPanel.h in Headers */ = {isa = PBXBuildFile; fileRef = EBDE21042530F7510039DDB4 /* DeepPanel.h */; settings = {ATTRIBUTES = (Public, ); }; };
/* End PBXBuildFile section */

/* Begin PBXContainerItemProxy section */
		88F550E4260A735900611056 /* PBXContainerItemProxy */ = {
			isa = PBXContainerItemProxy;
			containerPortal = EBDE20F82530F7510039DDB4 /* Project object */;
			proxyType = 1;
			remoteGlobalIDString = 88F550CD260A735000611056;
			remoteInfo = DeepPanelTestsHost;
		};
		EBDE210C2530F7520039DDB4 /* PBXContainerItemProxy */ = {
			isa = PBXContainerItemProxy;
			containerPortal = EBDE20F82530F7510039DDB4 /* Project object */;
			proxyType = 1;
			remoteGlobalIDString = EBDE21002530F7510039DDB4;
			remoteInfo = DeepPanel;
		};
/* End PBXContainerItemProxy section */

/* Begin PBXFileReference section */
		0A018FA70CD262B87B07F1DA /* Pods-DeepPanel.release.xcconfig */ = {isa = PBXFileReference; includeInIndex = 1; lastKnownFileType = text.xcconfig; name = "Pods-DeepPanel.release.xcconfig"; path = "Target Support Files/Pods-DeepPanel/Pods-DeepPanel.release.xcconfig"; sourceTree = "<group>"; };
		1DC501D64EC592483C9B8031 /* Pods-DeepPanelTests.debug.xcconfig */ = {isa = PBXFileReference; includeInIndex = 1; lastKnownFileType = text.xcconfig; name = "Pods-DeepPanelTests.debug.xcconfig"; path = "Target Support Files/Pods-DeepPanelTests/Pods-DeepPanelTests.debug.xcconfig"; sourceTree = "<group>"; };
		3D99FFEB1CA60AB5D0A33365 /* Pods-DeepPanel.debug.xcconfig */ = {isa = PBXFileReference; includeInIndex = 1; lastKnownFileType = text.xcconfig; name = "Pods-DeepPanel.debug.xcconfig"; path = "Target Support Files/Pods-DeepPanel/Pods-DeepPanel.debug.xcconfig"; sourceTree = "<group>"; };
		553F5338DA909341F55213CD /* Pods_DeepPanel.framework */ = {isa = PBXFileReference; explicitFileType = wrapper.framework; includeInIndex = 0; path = Pods_DeepPanel.framework; sourceTree = BUILT_PRODUCTS_DIR; };
		88F550CE260A735000611056 /* DeepPanelTestsHost.app */ = {isa = PBXFileReference; explicitFileType = wrapper.application; includeInIndex = 0; path = DeepPanelTestsHost.app; sourceTree = BUILT_PRODUCTS_DIR; };
		88F550D0260A735000611056 /* DeepPanelTestsHostApp.swift */ = {isa = PBXFileReference; lastKnownFileType = sourcecode.swift; path = DeepPanelTestsHostApp.swift; sourceTree = "<group>"; };
		88F550D2260A735000611056 /* ContentView.swift */ = {isa = PBXFileReference; lastKnownFileType = sourcecode.swift; path = ContentView.swift; sourceTree = "<group>"; };
		88F550D4260A735100611056 /* Assets.xcassets */ = {isa = PBXFileReference; lastKnownFileType = folder.assetcatalog; path = Assets.xcassets; sourceTree = "<group>"; };
		88F550D7260A735100611056 /* Preview Assets.xcassets */ = {isa = PBXFileReference; lastKnownFileType = folder.assetcatalog; path = "Preview Assets.xcassets"; sourceTree = "<group>"; };
		88F550D9260A735100611056 /* Info.plist */ = {isa = PBXFileReference; lastKnownFileType = text.plist.xml; path = Info.plist; sourceTree = "<group>"; };
		95E0BC232578FD7900486A7C /* ImageManipulationTests.swift */ = {isa = PBXFileReference; lastKnownFileType = sourcecode.swift; path = ImageManipulationTests.swift; sourceTree = "<group>"; };
		95E0BC3C2579001C00486A7C /* sample_page_0.jpg */ = {isa = PBXFileReference; lastKnownFileType = image.jpeg; path = sample_page_0.jpg; sourceTree = "<group>"; };
		95E0BC432579007000486A7C /* XCTestCaseExtensions.swift */ = {isa = PBXFileReference; lastKnownFileType = sourcecode.swift; path = XCTestCaseExtensions.swift; sourceTree = "<group>"; };
		95E0BC492579021200486A7C /* sample_page_0_scaled.jpg */ = {isa = PBXFileReference; lastKnownFileType = image.jpeg; path = sample_page_0_scaled.jpg; sourceTree = "<group>"; };
		95E0BC4F257902AA00486A7C /* sample_page_0_rotated.jpg */ = {isa = PBXFileReference; lastKnownFileType = image.jpeg; path = sample_page_0_rotated.jpg; sourceTree = "<group>"; };
		95E0BC55257903EB00486A7C /* sample_page_0_rotated_scaled.jpg */ = {isa = PBXFileReference; lastKnownFileType = image.jpeg; path = sample_page_0_rotated_scaled.jpg; sourceTree = "<group>"; };
		B8AD80A8B5206B75756A677F /* Pods_DeepPanelTests.framework */ = {isa = PBXFileReference; explicitFileType = wrapper.framework; includeInIndex = 0; path = Pods_DeepPanelTests.framework; sourceTree = BUILT_PRODUCTS_DIR; };
		E2D535D1F693E6C94A75D097 /* Pods-DeepPanelTests.release.xcconfig */ = {isa = PBXFileReference; includeInIndex = 1; lastKnownFileType = text.xcconfig; name = "Pods-DeepPanelTests.release.xcconfig"; path = "Target Support Files/Pods-DeepPanelTests/Pods-DeepPanelTests.release.xcconfig"; sourceTree = "<group>"; };
		EBCCA7E125310C880095F356 /* DeepPanel.swift */ = {isa = PBXFileReference; lastKnownFileType = sourcecode.swift; path = DeepPanel.swift; sourceTree = "<group>"; };
		EBCCA7E42531A82A0095F356 /* model.tflite */ = {isa = PBXFileReference; lastKnownFileType = file; path = model.tflite; sourceTree = "<group>"; };
		EBCCA7E62531AD830095F356 /* UIImage+TensorFlow.swift */ = {isa = PBXFileReference; lastKnownFileType = sourcecode.swift; path = "UIImage+TensorFlow.swift"; sourceTree = "<group>"; };
		EBCCA7ED253339D50095F356 /* deep-panel-ios.hpp */ = {isa = PBXFileReference; lastKnownFileType = sourcecode.cpp.h; path = "deep-panel-ios.hpp"; sourceTree = "<group>"; };
		EBCCA7EE253339D50095F356 /* deep-panel-ios.cpp */ = {isa = PBXFileReference; lastKnownFileType = sourcecode.cpp.cpp; path = "deep-panel-ios.cpp"; sourceTree = "<group>"; };
		EBCCA7F225333D9E0095F356 /* DeepPaneliOSWrapper.h */ = {isa = PBXFileReference; lastKnownFileType = sourcecode.c.h; path = DeepPaneliOSWrapper.h; sourceTree = "<group>"; };
		EBCCA7F425333DD50095F356 /* DeepPaneliOSWrapper.mm */ = {isa = PBXFileReference; lastKnownFileType = sourcecode.cpp.objcpp; path = DeepPaneliOSWrapper.mm; sourceTree = "<group>"; };
		EBCCA7FC253348140095F356 /* deep-panel.cpp */ = {isa = PBXFileReference; lastKnownFileType = sourcecode.cpp.cpp; path = "deep-panel.cpp"; sourceTree = "<group>"; };
		EBCCA8002533483A0095F356 /* connected-components.cpp */ = {isa = PBXFileReference; lastKnownFileType = sourcecode.cpp.cpp; path = "connected-components.cpp"; sourceTree = "<group>"; };
		EBCCA803253350380095F356 /* deep-panel.hpp */ = {isa = PBXFileReference; lastKnownFileType = sourcecode.cpp.h; path = "deep-panel.hpp"; sourceTree = "<group>"; };
		EBCCA8052533527C0095F356 /* Panel.hpp */ = {isa = PBXFileReference; lastKnownFileType = sourcecode.cpp.h; path = Panel.hpp; sourceTree = "<group>"; };
		EBCCA80A2533529E0095F356 /* DeepPanelResult.hpp */ = {isa = PBXFileReference; lastKnownFileType = sourcecode.cpp.h; path = DeepPanelResult.hpp; sourceTree = "<group>"; };
		EBCCA80F253354320095F356 /* connected-components.hpp */ = {isa = PBXFileReference; lastKnownFileType = sourcecode.cpp.h; path = "connected-components.hpp"; sourceTree = "<group>"; };
		EBCCA811253354720095F356 /* ConnectedComponentResult.hpp */ = {isa = PBXFileReference; lastKnownFileType = sourcecode.cpp.h; path = ConnectedComponentResult.hpp; sourceTree = "<group>"; };
		EBCCA81325335D3B0095F356 /* RawPanel.h */ = {isa = PBXFileReference; lastKnownFileType = sourcecode.c.h; path = RawPanel.h; sourceTree = "<group>"; };
		EBCCA81525335D500095F356 /* RawPanelsInfo.h */ = {isa = PBXFileReference; lastKnownFileType = sourcecode.c.h; path = RawPanelsInfo.h; sourceTree = "<group>"; };
		EBCCA817253360B30095F356 /* RawPanel.mm */ = {isa = PBXFileReference; lastKnownFileType = sourcecode.cpp.objcpp; path = RawPanel.mm; sourceTree = "<group>"; };
		EBCCA81F253361090095F356 /* RawPanelsInfo.mm */ = {isa = PBXFileReference; lastKnownFileType = sourcecode.cpp.objcpp; path = RawPanelsInfo.mm; sourceTree = "<group>"; };
		EBCCA824253368CF0095F356 /* model.swift */ = {isa = PBXFileReference; lastKnownFileType = sourcecode.swift; path = model.swift; sourceTree = "<group>"; };
		EBCCA82A2533737F0095F356 /* Images.swift */ = {isa = PBXFileReference; lastKnownFileType = sourcecode.swift; path = Images.swift; sourceTree = "<group>"; };
		EBDE21012530F7510039DDB4 /* DeepPanel.framework */ = {isa = PBXFileReference; explicitFileType = wrapper.framework; includeInIndex = 0; path = DeepPanel.framework; sourceTree = BUILT_PRODUCTS_DIR; };
		EBDE21042530F7510039DDB4 /* DeepPanel.h */ = {isa = PBXFileReference; lastKnownFileType = sourcecode.c.h; path = DeepPanel.h; sourceTree = "<group>"; };
		EBDE21052530F7510039DDB4 /* Info.plist */ = {isa = PBXFileReference; lastKnownFileType = text.plist.xml; path = Info.plist; sourceTree = "<group>"; };
		EBDE210A2530F7520039DDB4 /* DeepPanelTests.xctest */ = {isa = PBXFileReference; explicitFileType = wrapper.cfbundle; includeInIndex = 0; path = DeepPanelTests.xctest; sourceTree = BUILT_PRODUCTS_DIR; };
		EBDE210F2530F7520039DDB4 /* DeepPanelTests.swift */ = {isa = PBXFileReference; lastKnownFileType = sourcecode.swift; path = DeepPanelTests.swift; sourceTree = "<group>"; };
		EBDE21112530F7520039DDB4 /* Info.plist */ = {isa = PBXFileReference; lastKnownFileType = text.plist.xml; path = Info.plist; sourceTree = "<group>"; };
/* End PBXFileReference section */

/* Begin PBXFrameworksBuildPhase section */
		88F550CB260A735000611056 /* Frameworks */ = {
			isa = PBXFrameworksBuildPhase;
			buildActionMask = 2147483647;
			files = (
			);
			runOnlyForDeploymentPostprocessing = 0;
		};
		EBDE20FE2530F7510039DDB4 /* Frameworks */ = {
			isa = PBXFrameworksBuildPhase;
			buildActionMask = 2147483647;
			files = (
				8B741FBCA48C16190F8C2D4D /* Pods_DeepPanel.framework in Frameworks */,
			);
			runOnlyForDeploymentPostprocessing = 0;
		};
		EBDE21072530F7520039DDB4 /* Frameworks */ = {
			isa = PBXFrameworksBuildPhase;
			buildActionMask = 2147483647;
			files = (
				EBDE210B2530F7520039DDB4 /* DeepPanel.framework in Frameworks */,
				D82C3EFC2AB68D81A9FC2256 /* Pods_DeepPanelTests.framework in Frameworks */,
			);
			runOnlyForDeploymentPostprocessing = 0;
		};
/* End PBXFrameworksBuildPhase section */

/* Begin PBXGroup section */
		88F550CF260A735000611056 /* DeepPanelTestsHost */ = {
			isa = PBXGroup;
			children = (
				88F550D0260A735000611056 /* DeepPanelTestsHostApp.swift */,
				88F550D2260A735000611056 /* ContentView.swift */,
				88F550D4260A735100611056 /* Assets.xcassets */,
				88F550D9260A735100611056 /* Info.plist */,
				88F550D6260A735100611056 /* Preview Content */,
			);
			path = DeepPanelTestsHost;
			sourceTree = "<group>";
		};
		88F550D6260A735100611056 /* Preview Content */ = {
			isa = PBXGroup;
			children = (
				88F550D7260A735100611056 /* Preview Assets.xcassets */,
			);
			path = "Preview Content";
			sourceTree = "<group>";
		};
		88F550E9260A738D00611056 /* Supporting Files */ = {
			isa = PBXGroup;
			children = (
				EBDE21112530F7520039DDB4 /* Info.plist */,
				88F550CF260A735000611056 /* DeepPanelTestsHost */,
			);
			path = "Supporting Files";
			sourceTree = "<group>";
		};
		95E0BC3B2579000F00486A7C /* Fixtures */ = {
			isa = PBXGroup;
			children = (
				95E0BC55257903EB00486A7C /* sample_page_0_rotated_scaled.jpg */,
				95E0BC4F257902AA00486A7C /* sample_page_0_rotated.jpg */,
				95E0BC492579021200486A7C /* sample_page_0_scaled.jpg */,
				95E0BC3C2579001C00486A7C /* sample_page_0.jpg */,
			);
			path = Fixtures;
			sourceTree = "<group>";
		};
		95E0BC422579005D00486A7C /* Extensions */ = {
			isa = PBXGroup;
			children = (
				95E0BC432579007000486A7C /* XCTestCaseExtensions.swift */,
			);
			path = Extensions;
			sourceTree = "<group>";
		};
		B26DDAA0B19783E4EAC58F2C /* Pods */ = {
			isa = PBXGroup;
			children = (
				3D99FFEB1CA60AB5D0A33365 /* Pods-DeepPanel.debug.xcconfig */,
				0A018FA70CD262B87B07F1DA /* Pods-DeepPanel.release.xcconfig */,
				1DC501D64EC592483C9B8031 /* Pods-DeepPanelTests.debug.xcconfig */,
				E2D535D1F693E6C94A75D097 /* Pods-DeepPanelTests.release.xcconfig */,
			);
			path = Pods;
			sourceTree = "<group>";
		};
		DA2BE71B44B2335338D0EBA5 /* Frameworks */ = {
			isa = PBXGroup;
			children = (
				553F5338DA909341F55213CD /* Pods_DeepPanel.framework */,
				B8AD80A8B5206B75756A677F /* Pods_DeepPanelTests.framework */,
			);
			name = Frameworks;
			sourceTree = "<group>";
		};
		EB6264BB253C915D007D5302 /* NativeWrapper */ = {
			isa = PBXGroup;
			children = (
				EBCCA81F253361090095F356 /* RawPanelsInfo.mm */,
				EBCCA81325335D3B0095F356 /* RawPanel.h */,
				EBCCA817253360B30095F356 /* RawPanel.mm */,
				EBCCA81525335D500095F356 /* RawPanelsInfo.h */,
				EBCCA7F425333DD50095F356 /* DeepPaneliOSWrapper.mm */,
				EBCCA7F225333D9E0095F356 /* DeepPaneliOSWrapper.h */,
			);
			path = NativeWrapper;
			sourceTree = "<group>";
		};
		EBCCA7E32531A7F50095F356 /* Model */ = {
			isa = PBXGroup;
			children = (
				EBCCA7E42531A82A0095F356 /* model.tflite */,
			);
			path = Model;
			sourceTree = "<group>";
		};
		EBCCA7FA253347F00095F356 /* Native */ = {
			isa = PBXGroup;
			children = (
				EBCCA7ED253339D50095F356 /* deep-panel-ios.hpp */,
				EBCCA7EE253339D50095F356 /* deep-panel-ios.cpp */,
				EBCCA803253350380095F356 /* deep-panel.hpp */,
				EBCCA7FC253348140095F356 /* deep-panel.cpp */,
				EBCCA80F253354320095F356 /* connected-components.hpp */,
				EBCCA8002533483A0095F356 /* connected-components.cpp */,
				EBCCA811253354720095F356 /* ConnectedComponentResult.hpp */,
				EBCCA8052533527C0095F356 /* Panel.hpp */,
				EBCCA80A2533529E0095F356 /* DeepPanelResult.hpp */,
			);
			path = Native;
			sourceTree = "<group>";
		};
		EBCCA82925336FFF0095F356 /* Extensions */ = {
			isa = PBXGroup;
			children = (
				EBCCA7E62531AD830095F356 /* UIImage+TensorFlow.swift */,
			);
			path = Extensions;
			sourceTree = "<group>";
		};
		EBDE20F72530F7510039DDB4 = {
			isa = PBXGroup;
			children = (
				EBDE21042530F7510039DDB4 /* DeepPanel.h */,
				EBCCA7FA253347F00095F356 /* Native */,
				EBDE21032530F7510039DDB4 /* DeepPanel */,
				EBDE210E2530F7520039DDB4 /* DeepPanelTests */,
				EBDE21022530F7510039DDB4 /* Products */,
				B26DDAA0B19783E4EAC58F2C /* Pods */,
				DA2BE71B44B2335338D0EBA5 /* Frameworks */,
			);
			sourceTree = "<group>";
		};
		EBDE21022530F7510039DDB4 /* Products */ = {
			isa = PBXGroup;
			children = (
				EBDE21012530F7510039DDB4 /* DeepPanel.framework */,
				EBDE210A2530F7520039DDB4 /* DeepPanelTests.xctest */,
				88F550CE260A735000611056 /* DeepPanelTestsHost.app */,
			);
			name = Products;
			sourceTree = "<group>";
		};
		EBDE21032530F7510039DDB4 /* DeepPanel */ = {
			isa = PBXGroup;
			children = (
				EB6264BB253C915D007D5302 /* NativeWrapper */,
				EBCCA7E32531A7F50095F356 /* Model */,
				EBCCA82925336FFF0095F356 /* Extensions */,
				EBCCA7E125310C880095F356 /* DeepPanel.swift */,
				EBCCA824253368CF0095F356 /* model.swift */,
				EBDE21052530F7510039DDB4 /* Info.plist */,
				EBCCA82A2533737F0095F356 /* Images.swift */,
			);
			path = DeepPanel;
			sourceTree = "<group>";
		};
		EBDE210E2530F7520039DDB4 /* DeepPanelTests */ = {
			isa = PBXGroup;
			children = (
				EBDE210F2530F7520039DDB4 /* DeepPanelTests.swift */,
				95E0BC232578FD7900486A7C /* ImageManipulationTests.swift */,
				95E0BC422579005D00486A7C /* Extensions */,
				95E0BC3B2579000F00486A7C /* Fixtures */,
				88F550E9260A738D00611056 /* Supporting Files */,
			);
			path = DeepPanelTests;
			sourceTree = "<group>";
		};
/* End PBXGroup section */

/* Begin PBXHeadersBuildPhase section */
		EBDE20FC2530F7510039DDB4 /* Headers */ = {
			isa = PBXHeadersBuildPhase;
			buildActionMask = 2147483647;
			files = (
				EBCCA81425335D3B0095F356 /* RawPanel.h in Headers */,
				EBDE21122530F7520039DDB4 /* DeepPanel.h in Headers */,
				EBCCA8072533527C0095F356 /* Panel.hpp in Headers */,
				EBCCA81625335E4F0095F356 /* RawPanelsInfo.h in Headers */,
				EBCCA810253354320095F356 /* connected-components.hpp in Headers */,
				EB6264BA253B150B007D5302 /* deep-panel-ios.hpp in Headers */,
				EBCCA804253350380095F356 /* deep-panel.hpp in Headers */,
				EBCCA812253354720095F356 /* ConnectedComponentResult.hpp in Headers */,
				EBCCA7F325333D9E0095F356 /* DeepPaneliOSWrapper.h in Headers */,
				EBCCA80C2533529E0095F356 /* DeepPanelResult.hpp in Headers */,
			);
			runOnlyForDeploymentPostprocessing = 0;
		};
/* End PBXHeadersBuildPhase section */

/* Begin PBXNativeTarget section */
		88F550CD260A735000611056 /* DeepPanelTestsHost */ = {
			isa = PBXNativeTarget;
			buildConfigurationList = 88F550DA260A735100611056 /* Build configuration list for PBXNativeTarget "DeepPanelTestsHost" */;
			buildPhases = (
				88F550CA260A735000611056 /* Sources */,
				88F550CB260A735000611056 /* Frameworks */,
				88F550CC260A735000611056 /* Resources */,
			);
			buildRules = (
			);
			dependencies = (
			);
			name = DeepPanelTestsHost;
			productName = DeepPanelTestsHost;
			productReference = 88F550CE260A735000611056 /* DeepPanelTestsHost.app */;
			productType = "com.apple.product-type.application";
		};
		EBDE21002530F7510039DDB4 /* DeepPanel */ = {
			isa = PBXNativeTarget;
			buildConfigurationList = EBDE21152530F7520039DDB4 /* Build configuration list for PBXNativeTarget "DeepPanel" */;
			buildPhases = (
				48EF2469FB1687914D2C7208 /* [CP] Check Pods Manifest.lock */,
				EBDE20FC2530F7510039DDB4 /* Headers */,
				EBDE20FD2530F7510039DDB4 /* Sources */,
				EBDE20FE2530F7510039DDB4 /* Frameworks */,
				EBDE20FF2530F7510039DDB4 /* Resources */,
			);
			buildRules = (
			);
			dependencies = (
			);
			name = DeepPanel;
			productName = DeepPanel;
			productReference = EBDE21012530F7510039DDB4 /* DeepPanel.framework */;
			productType = "com.apple.product-type.framework";
		};
		EBDE21092530F7520039DDB4 /* DeepPanelTests */ = {
			isa = PBXNativeTarget;
			buildConfigurationList = EBDE21182530F7520039DDB4 /* Build configuration list for PBXNativeTarget "DeepPanelTests" */;
			buildPhases = (
				05E431F18EC97E4AB41564FF /* [CP] Check Pods Manifest.lock */,
				EBDE21062530F7520039DDB4 /* Sources */,
				EBDE21072530F7520039DDB4 /* Frameworks */,
				EBDE21082530F7520039DDB4 /* Resources */,
			);
			buildRules = (
			);
			dependencies = (
				EBDE210D2530F7520039DDB4 /* PBXTargetDependency */,
				88F550E5260A735900611056 /* PBXTargetDependency */,
			);
			name = DeepPanelTests;
			productName = DeepPanelTests;
			productReference = EBDE210A2530F7520039DDB4 /* DeepPanelTests.xctest */;
			productType = "com.apple.product-type.bundle.unit-test";
		};
/* End PBXNativeTarget section */

/* Begin PBXProject section */
		EBDE20F82530F7510039DDB4 /* Project object */ = {
			isa = PBXProject;
			attributes = {
				LastSwiftUpdateCheck = 1230;
				LastUpgradeCheck = 1230;
				ORGANIZATIONNAME = "Pedro Gómez";
				TargetAttributes = {
					88F550CD260A735000611056 = {
						CreatedOnToolsVersion = 12.3;
					};
					EBDE21002530F7510039DDB4 = {
						CreatedOnToolsVersion = 11.6;
						LastSwiftMigration = 1160;
					};
					EBDE21092530F7520039DDB4 = {
						CreatedOnToolsVersion = 11.6;
						TestTargetID = 88F550CD260A735000611056;
					};
				};
			};
			buildConfigurationList = EBDE20FB2530F7510039DDB4 /* Build configuration list for PBXProject "DeepPanel" */;
			compatibilityVersion = "Xcode 9.3";
			developmentRegion = en;
			hasScannedForEncodings = 0;
			knownRegions = (
				en,
				Base,
			);
			mainGroup = EBDE20F72530F7510039DDB4;
			productRefGroup = EBDE21022530F7510039DDB4 /* Products */;
			projectDirPath = "";
			projectRoot = "";
			targets = (
				EBDE21002530F7510039DDB4 /* DeepPanel */,
				EBDE21092530F7520039DDB4 /* DeepPanelTests */,
				88F550CD260A735000611056 /* DeepPanelTestsHost */,
			);
		};
/* End PBXProject section */

/* Begin PBXResourcesBuildPhase section */
		88F550CC260A735000611056 /* Resources */ = {
			isa = PBXResourcesBuildPhase;
			buildActionMask = 2147483647;
			files = (
				88F550D8260A735100611056 /* Preview Assets.xcassets in Resources */,
				88F550D5260A735100611056 /* Assets.xcassets in Resources */,
			);
			runOnlyForDeploymentPostprocessing = 0;
		};
		EBDE20FF2530F7510039DDB4 /* Resources */ = {
			isa = PBXResourcesBuildPhase;
			buildActionMask = 2147483647;
			files = (
				EBCCA7E52531A82A0095F356 /* model.tflite in Resources */,
			);
			runOnlyForDeploymentPostprocessing = 0;
		};
		EBDE21082530F7520039DDB4 /* Resources */ = {
			isa = PBXResourcesBuildPhase;
			buildActionMask = 2147483647;
			files = (
				95E0BC3D2579001C00486A7C /* sample_page_0.jpg in Resources */,
				95E0BC4A2579021200486A7C /* sample_page_0_scaled.jpg in Resources */,
				95E0BC56257903EB00486A7C /* sample_page_0_rotated_scaled.jpg in Resources */,
				95E0BC50257902AA00486A7C /* sample_page_0_rotated.jpg in Resources */,
			);
			runOnlyForDeploymentPostprocessing = 0;
		};
/* End PBXResourcesBuildPhase section */

/* Begin PBXShellScriptBuildPhase section */
		05E431F18EC97E4AB41564FF /* [CP] Check Pods Manifest.lock */ = {
			isa = PBXShellScriptBuildPhase;
			buildActionMask = 2147483647;
			files = (
			);
			inputFileListPaths = (
			);
			inputPaths = (
				"${PODS_PODFILE_DIR_PATH}/Podfile.lock",
				"${PODS_ROOT}/Manifest.lock",
			);
			name = "[CP] Check Pods Manifest.lock";
			outputFileListPaths = (
			);
			outputPaths = (
				"$(DERIVED_FILE_DIR)/Pods-DeepPanelTests-checkManifestLockResult.txt",
			);
			runOnlyForDeploymentPostprocessing = 0;
			shellPath = /bin/sh;
			shellScript = "diff \"${PODS_PODFILE_DIR_PATH}/Podfile.lock\" \"${PODS_ROOT}/Manifest.lock\" > /dev/null\nif [ $? != 0 ] ; then\n    # print error to STDERR\n    echo \"error: The sandbox is not in sync with the Podfile.lock. Run 'pod install' or update your CocoaPods installation.\" >&2\n    exit 1\nfi\n# This output is used by Xcode 'outputs' to avoid re-running this script phase.\necho \"SUCCESS\" > \"${SCRIPT_OUTPUT_FILE_0}\"\n";
			showEnvVarsInLog = 0;
		};
		48EF2469FB1687914D2C7208 /* [CP] Check Pods Manifest.lock */ = {
			isa = PBXShellScriptBuildPhase;
			buildActionMask = 2147483647;
			files = (
			);
			inputFileListPaths = (
			);
			inputPaths = (
				"${PODS_PODFILE_DIR_PATH}/Podfile.lock",
				"${PODS_ROOT}/Manifest.lock",
			);
			name = "[CP] Check Pods Manifest.lock";
			outputFileListPaths = (
			);
			outputPaths = (
				"$(DERIVED_FILE_DIR)/Pods-DeepPanel-checkManifestLockResult.txt",
			);
			runOnlyForDeploymentPostprocessing = 0;
			shellPath = /bin/sh;
			shellScript = "diff \"${PODS_PODFILE_DIR_PATH}/Podfile.lock\" \"${PODS_ROOT}/Manifest.lock\" > /dev/null\nif [ $? != 0 ] ; then\n    # print error to STDERR\n    echo \"error: The sandbox is not in sync with the Podfile.lock. Run 'pod install' or update your CocoaPods installation.\" >&2\n    exit 1\nfi\n# This output is used by Xcode 'outputs' to avoid re-running this script phase.\necho \"SUCCESS\" > \"${SCRIPT_OUTPUT_FILE_0}\"\n";
			showEnvVarsInLog = 0;
		};
/* End PBXShellScriptBuildPhase section */

/* Begin PBXSourcesBuildPhase section */
		88F550CA260A735000611056 /* Sources */ = {
			isa = PBXSourcesBuildPhase;
			buildActionMask = 2147483647;
			files = (
				88F550D3260A735000611056 /* ContentView.swift in Sources */,
				88F550D1260A735000611056 /* DeepPanelTestsHostApp.swift in Sources */,
			);
			runOnlyForDeploymentPostprocessing = 0;
		};
		EBDE20FD2530F7510039DDB4 /* Sources */ = {
			isa = PBXSourcesBuildPhase;
			buildActionMask = 2147483647;
			files = (
				EBCCA7F0253339D50095F356 /* deep-panel-ios.cpp in Sources */,
				EBCCA7E72531AD830095F356 /* UIImage+TensorFlow.swift in Sources */,
				EBCCA8012533483A0095F356 /* connected-components.cpp in Sources */,
				EBCCA7F525333DD50095F356 /* DeepPaneliOSWrapper.mm in Sources */,
				EBCCA818253360B30095F356 /* RawPanel.mm in Sources */,
				EBCCA7E225310C880095F356 /* DeepPanel.swift in Sources */,
				EBCCA7FE253348140095F356 /* deep-panel.cpp in Sources */,
				EBCCA82B2533737F0095F356 /* Images.swift in Sources */,
				EBCCA825253368CF0095F356 /* model.swift in Sources */,
				EBCCA820253361090095F356 /* RawPanelsInfo.mm in Sources */,
			);
			runOnlyForDeploymentPostprocessing = 0;
		};
		EBDE21062530F7520039DDB4 /* Sources */ = {
			isa = PBXSourcesBuildPhase;
			buildActionMask = 2147483647;
			files = (
				95E0BC442579007000486A7C /* XCTestCaseExtensions.swift in Sources */,
				95E0BC242578FD7900486A7C /* ImageManipulationTests.swift in Sources */,
				EBDE21102530F7520039DDB4 /* DeepPanelTests.swift in Sources */,
			);
			runOnlyForDeploymentPostprocessing = 0;
		};
/* End PBXSourcesBuildPhase section */

/* Begin PBXTargetDependency section */
		88F550E5260A735900611056 /* PBXTargetDependency */ = {
			isa = PBXTargetDependency;
			target = 88F550CD260A735000611056 /* DeepPanelTestsHost */;
			targetProxy = 88F550E4260A735900611056 /* PBXContainerItemProxy */;
		};
		EBDE210D2530F7520039DDB4 /* PBXTargetDependency */ = {
			isa = PBXTargetDependency;
			target = EBDE21002530F7510039DDB4 /* DeepPanel */;
			targetProxy = EBDE210C2530F7520039DDB4 /* PBXContainerItemProxy */;
		};
/* End PBXTargetDependency section */

/* Begin XCBuildConfiguration section */
		88F550DB260A735100611056 /* Debug */ = {
			isa = XCBuildConfiguration;
			buildSettings = {
				ASSETCATALOG_COMPILER_APPICON_NAME = AppIcon;
				ASSETCATALOG_COMPILER_GLOBAL_ACCENT_COLOR_NAME = AccentColor;
				CODE_SIGN_STYLE = Automatic;
				DEVELOPMENT_ASSET_PATHS = "\"DeepPanelTests/Supporting Files/DeepPanelTestsHost/Preview Content\"";
				ENABLE_PREVIEWS = YES;
				INFOPLIST_FILE = "DeepPanelTests/Supporting Files/DeepPanelTestsHost/Info.plist";
				IPHONEOS_DEPLOYMENT_TARGET = 14.3;
				LD_RUNPATH_SEARCH_PATHS = (
					"$(inherited)",
					"@executable_path/Frameworks",
				);
				PRODUCT_BUNDLE_IDENTIFIER = es.produkt.app.panels.PanelsExtensionsShared.DeepPanelTestsHost;
				PRODUCT_NAME = "$(TARGET_NAME)";
				SWIFT_VERSION = 5.0;
				TARGETED_DEVICE_FAMILY = "1,2";
			};
			name = Debug;
		};
		88F550DC260A735100611056 /* Release */ = {
			isa = XCBuildConfiguration;
			buildSettings = {
				ASSETCATALOG_COMPILER_APPICON_NAME = AppIcon;
				ASSETCATALOG_COMPILER_GLOBAL_ACCENT_COLOR_NAME = AccentColor;
				CODE_SIGN_STYLE = Automatic;
				DEVELOPMENT_ASSET_PATHS = "\"DeepPanelTests/Supporting Files/DeepPanelTestsHost/Preview Content\"";
				ENABLE_PREVIEWS = YES;
				INFOPLIST_FILE = "DeepPanelTests/Supporting Files/DeepPanelTestsHost/Info.plist";
				IPHONEOS_DEPLOYMENT_TARGET = 14.3;
				LD_RUNPATH_SEARCH_PATHS = (
					"$(inherited)",
					"@executable_path/Frameworks",
				);
				PRODUCT_BUNDLE_IDENTIFIER = es.produkt.app.panels.PanelsExtensionsShared.DeepPanelTestsHost;
				PRODUCT_NAME = "$(TARGET_NAME)";
				SWIFT_VERSION = 5.0;
				TARGETED_DEVICE_FAMILY = "1,2";
			};
			name = Release;
		};
		EBDE21132530F7520039DDB4 /* Debug */ = {
			isa = XCBuildConfiguration;
			buildSettings = {
				ALWAYS_SEARCH_USER_PATHS = NO;
				CLANG_ANALYZER_NONNULL = YES;
				CLANG_ANALYZER_NUMBER_OBJECT_CONVERSION = YES_AGGRESSIVE;
				CLANG_CXX_LANGUAGE_STANDARD = "gnu++14";
				CLANG_CXX_LIBRARY = "libc++";
				CLANG_ENABLE_MODULES = YES;
				CLANG_ENABLE_OBJC_ARC = YES;
				CLANG_ENABLE_OBJC_WEAK = YES;
				CLANG_WARN_BLOCK_CAPTURE_AUTORELEASING = YES;
				CLANG_WARN_BOOL_CONVERSION = YES;
				CLANG_WARN_COMMA = YES;
				CLANG_WARN_CONSTANT_CONVERSION = YES;
				CLANG_WARN_DEPRECATED_OBJC_IMPLEMENTATIONS = YES;
				CLANG_WARN_DIRECT_OBJC_ISA_USAGE = YES_ERROR;
				CLANG_WARN_DOCUMENTATION_COMMENTS = YES;
				CLANG_WARN_EMPTY_BODY = YES;
				CLANG_WARN_ENUM_CONVERSION = YES;
				CLANG_WARN_INFINITE_RECURSION = YES;
				CLANG_WARN_INT_CONVERSION = YES;
				CLANG_WARN_NON_LITERAL_NULL_CONVERSION = YES;
				CLANG_WARN_OBJC_IMPLICIT_RETAIN_SELF = YES;
				CLANG_WARN_OBJC_LITERAL_CONVERSION = YES;
				CLANG_WARN_OBJC_ROOT_CLASS = YES_ERROR;
				CLANG_WARN_QUOTED_INCLUDE_IN_FRAMEWORK_HEADER = YES;
				CLANG_WARN_RANGE_LOOP_ANALYSIS = YES;
				CLANG_WARN_STRICT_PROTOTYPES = YES;
				CLANG_WARN_SUSPICIOUS_MOVE = YES;
				CLANG_WARN_UNGUARDED_AVAILABILITY = YES_AGGRESSIVE;
				CLANG_WARN_UNREACHABLE_CODE = YES;
				CLANG_WARN__DUPLICATE_METHOD_MATCH = YES;
				COPY_PHASE_STRIP = NO;
				CURRENT_PROJECT_VERSION = 1;
				DEBUG_INFORMATION_FORMAT = dwarf;
				ENABLE_STRICT_OBJC_MSGSEND = YES;
				ENABLE_TESTABILITY = YES;
				GCC_C_LANGUAGE_STANDARD = gnu11;
				GCC_DYNAMIC_NO_PIC = NO;
				GCC_NO_COMMON_BLOCKS = YES;
				GCC_OPTIMIZATION_LEVEL = 0;
				GCC_PREPROCESSOR_DEFINITIONS = (
					"DEBUG=1",
					"$(inherited)",
				);
				GCC_WARN_64_TO_32_BIT_CONVERSION = YES;
				GCC_WARN_ABOUT_RETURN_TYPE = YES_ERROR;
				GCC_WARN_UNDECLARED_SELECTOR = YES;
				GCC_WARN_UNINITIALIZED_AUTOS = YES_AGGRESSIVE;
				GCC_WARN_UNUSED_FUNCTION = YES;
				GCC_WARN_UNUSED_VARIABLE = YES;
				IPHONEOS_DEPLOYMENT_TARGET = 13.6;
				MTL_ENABLE_DEBUG_INFO = INCLUDE_SOURCE;
				MTL_FAST_MATH = YES;
				ONLY_ACTIVE_ARCH = YES;
				SDKROOT = iphoneos;
				SWIFT_ACTIVE_COMPILATION_CONDITIONS = DEBUG;
				SWIFT_OPTIMIZATION_LEVEL = "-Onone";
				VERSIONING_SYSTEM = "apple-generic";
				VERSION_INFO_PREFIX = "";
			};
			name = Debug;
		};
		EBDE21142530F7520039DDB4 /* Release */ = {
			isa = XCBuildConfiguration;
			buildSettings = {
				ALWAYS_SEARCH_USER_PATHS = NO;
				CLANG_ANALYZER_NONNULL = YES;
				CLANG_ANALYZER_NUMBER_OBJECT_CONVERSION = YES_AGGRESSIVE;
				CLANG_CXX_LANGUAGE_STANDARD = "gnu++14";
				CLANG_CXX_LIBRARY = "libc++";
				CLANG_ENABLE_MODULES = YES;
				CLANG_ENABLE_OBJC_ARC = YES;
				CLANG_ENABLE_OBJC_WEAK = YES;
				CLANG_WARN_BLOCK_CAPTURE_AUTORELEASING = YES;
				CLANG_WARN_BOOL_CONVERSION = YES;
				CLANG_WARN_COMMA = YES;
				CLANG_WARN_CONSTANT_CONVERSION = YES;
				CLANG_WARN_DEPRECATED_OBJC_IMPLEMENTATIONS = YES;
				CLANG_WARN_DIRECT_OBJC_ISA_USAGE = YES_ERROR;
				CLANG_WARN_DOCUMENTATION_COMMENTS = YES;
				CLANG_WARN_EMPTY_BODY = YES;
				CLANG_WARN_ENUM_CONVERSION = YES;
				CLANG_WARN_INFINITE_RECURSION = YES;
				CLANG_WARN_INT_CONVERSION = YES;
				CLANG_WARN_NON_LITERAL_NULL_CONVERSION = YES;
				CLANG_WARN_OBJC_IMPLICIT_RETAIN_SELF = YES;
				CLANG_WARN_OBJC_LITERAL_CONVERSION = YES;
				CLANG_WARN_OBJC_ROOT_CLASS = YES_ERROR;
				CLANG_WARN_QUOTED_INCLUDE_IN_FRAMEWORK_HEADER = YES;
				CLANG_WARN_RANGE_LOOP_ANALYSIS = YES;
				CLANG_WARN_STRICT_PROTOTYPES = YES;
				CLANG_WARN_SUSPICIOUS_MOVE = YES;
				CLANG_WARN_UNGUARDED_AVAILABILITY = YES_AGGRESSIVE;
				CLANG_WARN_UNREACHABLE_CODE = YES;
				CLANG_WARN__DUPLICATE_METHOD_MATCH = YES;
				COPY_PHASE_STRIP = NO;
				CURRENT_PROJECT_VERSION = 1;
				DEBUG_INFORMATION_FORMAT = "dwarf-with-dsym";
				ENABLE_NS_ASSERTIONS = NO;
				ENABLE_STRICT_OBJC_MSGSEND = YES;
				GCC_C_LANGUAGE_STANDARD = gnu11;
				GCC_NO_COMMON_BLOCKS = YES;
				GCC_WARN_64_TO_32_BIT_CONVERSION = YES;
				GCC_WARN_ABOUT_RETURN_TYPE = YES_ERROR;
				GCC_WARN_UNDECLARED_SELECTOR = YES;
				GCC_WARN_UNINITIALIZED_AUTOS = YES_AGGRESSIVE;
				GCC_WARN_UNUSED_FUNCTION = YES;
				GCC_WARN_UNUSED_VARIABLE = YES;
				IPHONEOS_DEPLOYMENT_TARGET = 13.6;
				MTL_ENABLE_DEBUG_INFO = NO;
				MTL_FAST_MATH = YES;
				SDKROOT = iphoneos;
				SWIFT_COMPILATION_MODE = wholemodule;
				SWIFT_OPTIMIZATION_LEVEL = "-O";
				VALIDATE_PRODUCT = YES;
				VERSIONING_SYSTEM = "apple-generic";
				VERSION_INFO_PREFIX = "";
			};
			name = Release;
		};
		EBDE21162530F7520039DDB4 /* Debug */ = {
			isa = XCBuildConfiguration;
			baseConfigurationReference = 3D99FFEB1CA60AB5D0A33365 /* Pods-DeepPanel.debug.xcconfig */;
			buildSettings = {
				CLANG_ALLOW_NON_MODULAR_INCLUDES_IN_FRAMEWORK_MODULES = YES;
				CLANG_ENABLE_MODULES = YES;
				CODE_SIGN_STYLE = Automatic;
				DEFINES_MODULE = YES;
				DEVELOPMENT_TEAM = "";
				DYLIB_COMPATIBILITY_VERSION = 1;
				DYLIB_CURRENT_VERSION = 1;
				DYLIB_INSTALL_NAME_BASE = "@rpath";
				INFOPLIST_FILE = DeepPanel/Info.plist;
				INSTALL_PATH = "$(LOCAL_LIBRARY_DIR)/Frameworks";
				LD_RUNPATH_SEARCH_PATHS = (
					"$(inherited)",
					"@executable_path/Frameworks",
					"@loader_path/Frameworks",
				);
				MARKETING_VERSION = 0.0.1;
				ONLY_ACTIVE_ARCH = YES;
				PRODUCT_BUNDLE_IDENTIFIER = com.github.pedrovgs.deeppanel.DeepPanel;
				PRODUCT_NAME = "$(TARGET_NAME:c99extidentifier)";
				SKIP_INSTALL = YES;
				SUPPORTS_MACCATALYST = NO;
				SWIFT_OBJC_BRIDGING_HEADER = "";
				SWIFT_OPTIMIZATION_LEVEL = "-Onone";
				SWIFT_VERSION = 5.0;
				TARGETED_DEVICE_FAMILY = "1,2";
				VALID_ARCHS = "armv7 arm64e arm64 armv7s x86_64";
			};
			name = Debug;
		};
		EBDE21172530F7520039DDB4 /* Release */ = {
			isa = XCBuildConfiguration;
			baseConfigurationReference = 0A018FA70CD262B87B07F1DA /* Pods-DeepPanel.release.xcconfig */;
			buildSettings = {
				CLANG_ALLOW_NON_MODULAR_INCLUDES_IN_FRAMEWORK_MODULES = YES;
				CLANG_ENABLE_MODULES = YES;
				CODE_SIGN_STYLE = Automatic;
				DEFINES_MODULE = YES;
				DEVELOPMENT_TEAM = "";
				DYLIB_COMPATIBILITY_VERSION = 1;
				DYLIB_CURRENT_VERSION = 1;
				DYLIB_INSTALL_NAME_BASE = "@rpath";
				INFOPLIST_FILE = DeepPanel/Info.plist;
				INSTALL_PATH = "$(LOCAL_LIBRARY_DIR)/Frameworks";
				LD_RUNPATH_SEARCH_PATHS = (
					"$(inherited)",
					"@executable_path/Frameworks",
					"@loader_path/Frameworks",
				);
				MARKETING_VERSION = 0.0.1;
				PRODUCT_BUNDLE_IDENTIFIER = com.github.pedrovgs.deeppanel.DeepPanel;
				PRODUCT_NAME = "$(TARGET_NAME:c99extidentifier)";
				SKIP_INSTALL = YES;
				SUPPORTS_MACCATALYST = NO;
				SWIFT_VERSION = 5.0;
				TARGETED_DEVICE_FAMILY = "1,2";
				VALID_ARCHS = "armv7 arm64e arm64 armv7s x86_64";
			};
			name = Release;
		};
		EBDE21192530F7520039DDB4 /* Debug */ = {
			isa = XCBuildConfiguration;
			baseConfigurationReference = 1DC501D64EC592483C9B8031 /* Pods-DeepPanelTests.debug.xcconfig */;
			buildSettings = {
				ALWAYS_EMBED_SWIFT_STANDARD_LIBRARIES = YES;
				CLANG_ALLOW_NON_MODULAR_INCLUDES_IN_FRAMEWORK_MODULES = YES;
				CODE_SIGN_STYLE = Automatic;
				DEVELOPMENT_TEAM = "";
				INFOPLIST_FILE = "DeepPanelTests/Supporting Files/Info.plist";
				LD_RUNPATH_SEARCH_PATHS = (
					"$(inherited)",
					"@executable_path/Frameworks",
					"@loader_path/Frameworks",
				);
				PRODUCT_BUNDLE_IDENTIFIER = com.github.pedrovgs.deeppanel.DeepPanelTests;
				PRODUCT_NAME = "$(TARGET_NAME)";
				SWIFT_VERSION = 5.0;
				TARGETED_DEVICE_FAMILY = "1,2";
				TEST_HOST = "$(BUILT_PRODUCTS_DIR)/DeepPanelTestsHost.app/DeepPanelTestsHost";
			};
			name = Debug;
		};
		EBDE211A2530F7520039DDB4 /* Release */ = {
			isa = XCBuildConfiguration;
			baseConfigurationReference = E2D535D1F693E6C94A75D097 /* Pods-DeepPanelTests.release.xcconfig */;
			buildSettings = {
				ALWAYS_EMBED_SWIFT_STANDARD_LIBRARIES = YES;
				CLANG_ALLOW_NON_MODULAR_INCLUDES_IN_FRAMEWORK_MODULES = YES;
				CODE_SIGN_STYLE = Automatic;
				DEVELOPMENT_TEAM = "";
				INFOPLIST_FILE = "DeepPanelTests/Supporting Files/Info.plist";
				LD_RUNPATH_SEARCH_PATHS = (
					"$(inherited)",
					"@executable_path/Frameworks",
					"@loader_path/Frameworks",
				);
				PRODUCT_BUNDLE_IDENTIFIER = com.github.pedrovgs.deeppanel.DeepPanelTests;
				PRODUCT_NAME = "$(TARGET_NAME)";
				SWIFT_VERSION = 5.0;
				TARGETED_DEVICE_FAMILY = "1,2";
				TEST_HOST = "$(BUILT_PRODUCTS_DIR)/DeepPanelTestsHost.app/DeepPanelTestsHost";
			};
			name = Release;
		};
/* End XCBuildConfiguration section */

/* Begin XCConfigurationList section */
		88F550DA260A735100611056 /* Build configuration list for PBXNativeTarget "DeepPanelTestsHost" */ = {
			isa = XCConfigurationList;
			buildConfigurations = (
				88F550DB260A735100611056 /* Debug */,
				88F550DC260A735100611056 /* Release */,
			);
			defaultConfigurationIsVisible = 0;
			defaultConfigurationName = Release;
		};
		EBDE20FB2530F7510039DDB4 /* Build configuration list for PBXProject "DeepPanel" */ = {
			isa = XCConfigurationList;
			buildConfigurations = (
				EBDE21132530F7520039DDB4 /* Debug */,
				EBDE21142530F7520039DDB4 /* Release */,
			);
			defaultConfigurationIsVisible = 0;
			defaultConfigurationName = Release;
		};
		EBDE21152530F7520039DDB4 /* Build configuration list for PBXNativeTarget "DeepPanel" */ = {
			isa = XCConfigurationList;
			buildConfigurations = (
				EBDE21162530F7520039DDB4 /* Debug */,
				EBDE21172530F7520039DDB4 /* Release */,
			);
			defaultConfigurationIsVisible = 0;
			defaultConfigurationName = Release;
		};
		EBDE21182530F7520039DDB4 /* Build configuration list for PBXNativeTarget "DeepPanelTests" */ = {
			isa = XCConfigurationList;
			buildConfigurations = (
				EBDE21192530F7520039DDB4 /* Debug */,
				EBDE211A2530F7520039DDB4 /* Release */,
			);
			defaultConfigurationIsVisible = 0;
			defaultConfigurationName = Release;
		};
/* End XCConfigurationList section */
	};
	rootObject = EBDE20F82530F7510039DDB4 /* Project object */;
}
